{
  "name": "lua-aws-lambad-test",
  "version": "1.0.0",
  "lockfileVersion": 1,
  "requires": true,
  "dependencies": {
    "blake2": {
      "version": "4.0.2",
      "resolved": "https://registry.npmjs.org/blake2/-/blake2-4.0.2.tgz",
      "integrity": "sha512-Z7yip562cm1s1pXBYfn64ScLH9HVy6zarw5FCKEVqTBRxyXn736sPmM3nYSCWw1zWt+zEUSwrbEXbElgwDi9aw==",
      "requires": {
        "nan": "^2.14.2"
      }
    },
    "nan": {
      "version": "2.14.2",
      "resolved": "https://registry.npmjs.org/nan/-/nan-2.14.2.tgz",
      "integrity": "sha512-M2ufzIiINKCuDfBSAUr1vWQ+vuVcA9kqx8JJUsbQi6yf1uGRyb7HfpdfUr5qLXf3B/t8dPvcjhKMmlfnP47EzQ=="
    }
  }
}
